
Microsoft Visual Studio Solution File, Format Version 12.00
# Visual Studio 2013
VisualStudioVersion = 12.0.31101.0
MinimumVisualStudioVersion = 10.0.40219.1
Project("{FAE04EC0-301F-11D3-BF4B-00C04F79EFBC}") = "Ipc", "Ipc\Ipc.csproj", "{22B89AFA-D2AA-40C2-B026-0A0FE59D9D60}"
EndProject
Project("{FAE04EC0-301F-11D3-BF4B-00C04F79EFBC}") = "UnitTests", "UnitTests\UnitTests.csproj", "{592F0B0A-AF44-4A63-98F1-0837346D928E}"
EndProject
Project("{2150E333-8FDC-42A3-9474-1A3956D46DE8}") = ".nuget", ".nuget", "{53D22063-9151-4A73-80F1-F5E09B016A96}"
	ProjectSection(SolutionItems) = preProject
		.nuget\packages.config = .nuget\packages.config
	EndProjectSection
EndProject
Project("{FAE04EC0-301F-11D3-BF4B-00C04F79EFBC}") = "CalculatorService", "CalculatorService\CalculatorService.csproj", "{DCE1FB85-0F71-49E9-83FE-C970EA1DA721}"
	ProjectSection(ProjectDependencies) = postProject
		{B7C4E9FC-7981-4D1D-8DDD-2BB25BECFD0F} = {B7C4E9FC-7981-4D1D-8DDD-2BB25BECFD0F}
	EndProjectSection
EndProject
Project("{FAE04EC0-301F-11D3-BF4B-00C04F79EFBC}") = "CalculatorClient", "CalculatorClient\CalculatorClient.csproj", "{FC4DAEED-77CE-4E7F-9D08-CDDB135086BF}"
	ProjectSection(ProjectDependencies) = postProject
		{B7C4E9FC-7981-4D1D-8DDD-2BB25BECFD0F} = {B7C4E9FC-7981-4D1D-8DDD-2BB25BECFD0F}
	EndProjectSection
EndProject
Project("{2150E333-8FDC-42A3-9474-1A3956D46DE8}") = "Examples", "Examples", "{935EEF30-9235-47AE-BD54-AE3F1C83D6F6}"
EndProject
Project("{2150E333-8FDC-42A3-9474-1A3956D46DE8}") = "Discovery", "Discovery", "{D19FE8C9-DC41-48F9-BD25-BA4CD49A21C7}"
EndProject
Project("{FAE04EC0-301F-11D3-BF4B-00C04F79EFBC}") = "Discovery", "Discovery\Discovery.csproj", "{19853E35-163F-4A14-B9CD-F29986B4A6DF}"
EndProject
Project("{FAE04EC0-301F-11D3-BF4B-00C04F79EFBC}") = "DiscoveryServer", "DiscoveryServer\DiscoveryServer.csproj", "{A8E33984-FF2B-4BA1-A884-6A03D7C73318}"
	ProjectSection(ProjectDependencies) = postProject
		{B7C4E9FC-7981-4D1D-8DDD-2BB25BECFD0F} = {B7C4E9FC-7981-4D1D-8DDD-2BB25BECFD0F}
	EndProjectSection
EndProject
Project("{FAE04EC0-301F-11D3-BF4B-00C04F79EFBC}") = "DiscoveryClient", "DiscoveryClient\DiscoveryClient.csproj", "{DDE06341-A49A-4889-B1E4-56DBAF169882}"
	ProjectSection(ProjectDependencies) = postProject
		{B7C4E9FC-7981-4D1D-8DDD-2BB25BECFD0F} = {B7C4E9FC-7981-4D1D-8DDD-2BB25BECFD0F}
	EndProjectSection
EndProject
Project("{2150E333-8FDC-42A3-9474-1A3956D46DE8}") = "Ipc", "Ipc", "{0246D1B5-6F32-476F-820A-15D551C2AFEC}"
EndProject
Project("{2150E333-8FDC-42A3-9474-1A3956D46DE8}") = "Tests", "Tests", "{69409EA9-F263-4A01-97A2-E95014702F84}"
EndProject
Project("{2150E333-8FDC-42A3-9474-1A3956D46DE8}") = "Solution Items", "Solution Items", "{6D1F4D7A-7026-48E6-BD4A-71FD1F10A584}"
EndProject
Project("{FAE04EC0-301F-11D3-BF4B-00C04F79EFBC}") = "FileTransferClient", "FileTransferClient\FileTransferClient.csproj", "{034D71F2-3DF0-472C-9A48-B48BBFCF29FC}"
	ProjectSection(ProjectDependencies) = postProject
		{B7C4E9FC-7981-4D1D-8DDD-2BB25BECFD0F} = {B7C4E9FC-7981-4D1D-8DDD-2BB25BECFD0F}
	EndProjectSection
EndProject
Project("{FAE04EC0-301F-11D3-BF4B-00C04F79EFBC}") = "FileTransferServer", "FileTransferServer\FileTransferServer.csproj", "{9908E397-89C7-4F8F-8257-E658D4DFF8B6}"
	ProjectSection(ProjectDependencies) = postProject
		{B7C4E9FC-7981-4D1D-8DDD-2BB25BECFD0F} = {B7C4E9FC-7981-4D1D-8DDD-2BB25BECFD0F}
	EndProjectSection
EndProject
Project("{FAE04EC0-301F-11D3-BF4B-00C04F79EFBC}") = "Interfaces", "Interfaces\Interfaces.csproj", "{B7C4E9FC-7981-4D1D-8DDD-2BB25BECFD0F}"
EndProject
Project("{FAE04EC0-301F-11D3-BF4B-00C04F79EFBC}") = "TypeCatalogue", "DeploymentFactory\TypeCatalogue.csproj", "{1E35B6FE-5BDE-4681-B8CC-BE024EFFC55B}"
EndProject
Global
	GlobalSection(SolutionConfigurationPlatforms) = preSolution
		Debug|Any CPU = Debug|Any CPU
		Release|Any CPU = Release|Any CPU
	EndGlobalSection
	GlobalSection(ProjectConfigurationPlatforms) = postSolution
		{22B89AFA-D2AA-40C2-B026-0A0FE59D9D60}.Debug|Any CPU.ActiveCfg = Debug|Any CPU
		{22B89AFA-D2AA-40C2-B026-0A0FE59D9D60}.Debug|Any CPU.Build.0 = Debug|Any CPU
		{22B89AFA-D2AA-40C2-B026-0A0FE59D9D60}.Release|Any CPU.ActiveCfg = Release|Any CPU
		{22B89AFA-D2AA-40C2-B026-0A0FE59D9D60}.Release|Any CPU.Build.0 = Release|Any CPU
		{592F0B0A-AF44-4A63-98F1-0837346D928E}.Debug|Any CPU.ActiveCfg = Debug|Any CPU
		{592F0B0A-AF44-4A63-98F1-0837346D928E}.Debug|Any CPU.Build.0 = Debug|Any CPU
		{592F0B0A-AF44-4A63-98F1-0837346D928E}.Release|Any CPU.ActiveCfg = Release|Any CPU
		{592F0B0A-AF44-4A63-98F1-0837346D928E}.Release|Any CPU.Build.0 = Release|Any CPU
		{DCE1FB85-0F71-49E9-83FE-C970EA1DA721}.Debug|Any CPU.ActiveCfg = Debug|Any CPU
		{DCE1FB85-0F71-49E9-83FE-C970EA1DA721}.Debug|Any CPU.Build.0 = Debug|Any CPU
		{DCE1FB85-0F71-49E9-83FE-C970EA1DA721}.Release|Any CPU.ActiveCfg = Release|Any CPU
		{DCE1FB85-0F71-49E9-83FE-C970EA1DA721}.Release|Any CPU.Build.0 = Release|Any CPU
		{FC4DAEED-77CE-4E7F-9D08-CDDB135086BF}.Debug|Any CPU.ActiveCfg = Debug|Any CPU
		{FC4DAEED-77CE-4E7F-9D08-CDDB135086BF}.Debug|Any CPU.Build.0 = Debug|Any CPU
		{FC4DAEED-77CE-4E7F-9D08-CDDB135086BF}.Release|Any CPU.ActiveCfg = Release|Any CPU
		{FC4DAEED-77CE-4E7F-9D08-CDDB135086BF}.Release|Any CPU.Build.0 = Release|Any CPU
		{19853E35-163F-4A14-B9CD-F29986B4A6DF}.Debug|Any CPU.ActiveCfg = Debug|Any CPU
		{19853E35-163F-4A14-B9CD-F29986B4A6DF}.Debug|Any CPU.Build.0 = Debug|Any CPU
		{19853E35-163F-4A14-B9CD-F29986B4A6DF}.Release|Any CPU.ActiveCfg = Release|Any CPU
		{19853E35-163F-4A14-B9CD-F29986B4A6DF}.Release|Any CPU.Build.0 = Release|Any CPU
		{A8E33984-FF2B-4BA1-A884-6A03D7C73318}.Debug|Any CPU.ActiveCfg = Debug|Any CPU
		{A8E33984-FF2B-4BA1-A884-6A03D7C73318}.Debug|Any CPU.Build.0 = Debug|Any CPU
		{A8E33984-FF2B-4BA1-A884-6A03D7C73318}.Release|Any CPU.ActiveCfg = Release|Any CPU
		{A8E33984-FF2B-4BA1-A884-6A03D7C73318}.Release|Any CPU.Build.0 = Release|Any CPU
		{DDE06341-A49A-4889-B1E4-56DBAF169882}.Debug|Any CPU.ActiveCfg = Debug|Any CPU
		{DDE06341-A49A-4889-B1E4-56DBAF169882}.Debug|Any CPU.Build.0 = Debug|Any CPU
		{DDE06341-A49A-4889-B1E4-56DBAF169882}.Release|Any CPU.ActiveCfg = Release|Any CPU
		{DDE06341-A49A-4889-B1E4-56DBAF169882}.Release|Any CPU.Build.0 = Release|Any CPU
		{034D71F2-3DF0-472C-9A48-B48BBFCF29FC}.Debug|Any CPU.ActiveCfg = Debug|Any CPU
		{034D71F2-3DF0-472C-9A48-B48BBFCF29FC}.Debug|Any CPU.Build.0 = Debug|Any CPU
		{034D71F2-3DF0-472C-9A48-B48BBFCF29FC}.Release|Any CPU.ActiveCfg = Release|Any CPU
		{034D71F2-3DF0-472C-9A48-B48BBFCF29FC}.Release|Any CPU.Build.0 = Release|Any CPU
		{9908E397-89C7-4F8F-8257-E658D4DFF8B6}.Debug|Any CPU.ActiveCfg = Debug|Any CPU
		{9908E397-89C7-4F8F-8257-E658D4DFF8B6}.Debug|Any CPU.Build.0 = Debug|Any CPU
		{9908E397-89C7-4F8F-8257-E658D4DFF8B6}.Release|Any CPU.ActiveCfg = Release|Any CPU
		{9908E397-89C7-4F8F-8257-E658D4DFF8B6}.Release|Any CPU.Build.0 = Release|Any CPU
		{B7C4E9FC-7981-4D1D-8DDD-2BB25BECFD0F}.Debug|Any CPU.ActiveCfg = Debug|Any CPU
		{B7C4E9FC-7981-4D1D-8DDD-2BB25BECFD0F}.Debug|Any CPU.Build.0 = Debug|Any CPU
		{B7C4E9FC-7981-4D1D-8DDD-2BB25BECFD0F}.Release|Any CPU.ActiveCfg = Release|Any CPU
		{B7C4E9FC-7981-4D1D-8DDD-2BB25BECFD0F}.Release|Any CPU.Build.0 = Release|Any CPU
		{1E35B6FE-5BDE-4681-B8CC-BE024EFFC55B}.Debug|Any CPU.ActiveCfg = Debug|Any CPU
		{1E35B6FE-5BDE-4681-B8CC-BE024EFFC55B}.Debug|Any CPU.Build.0 = Debug|Any CPU
		{1E35B6FE-5BDE-4681-B8CC-BE024EFFC55B}.Release|Any CPU.ActiveCfg = Release|Any CPU
		{1E35B6FE-5BDE-4681-B8CC-BE024EFFC55B}.Release|Any CPU.Build.0 = Release|Any CPU
	EndGlobalSection
	GlobalSection(SolutionProperties) = preSolution
		HideSolutionNode = FALSE
	EndGlobalSection
	GlobalSection(NestedProjects) = preSolution
		{22B89AFA-D2AA-40C2-B026-0A0FE59D9D60} = {0246D1B5-6F32-476F-820A-15D551C2AFEC}
		{592F0B0A-AF44-4A63-98F1-0837346D928E} = {69409EA9-F263-4A01-97A2-E95014702F84}
		{DCE1FB85-0F71-49E9-83FE-C970EA1DA721} = {935EEF30-9235-47AE-BD54-AE3F1C83D6F6}
		{FC4DAEED-77CE-4E7F-9D08-CDDB135086BF} = {935EEF30-9235-47AE-BD54-AE3F1C83D6F6}
		{19853E35-163F-4A14-B9CD-F29986B4A6DF} = {D19FE8C9-DC41-48F9-BD25-BA4CD49A21C7}
		{A8E33984-FF2B-4BA1-A884-6A03D7C73318} = {935EEF30-9235-47AE-BD54-AE3F1C83D6F6}
		{DDE06341-A49A-4889-B1E4-56DBAF169882} = {935EEF30-9235-47AE-BD54-AE3F1C83D6F6}
		{034D71F2-3DF0-472C-9A48-B48BBFCF29FC} = {935EEF30-9235-47AE-BD54-AE3F1C83D6F6}
		{9908E397-89C7-4F8F-8257-E658D4DFF8B6} = {935EEF30-9235-47AE-BD54-AE3F1C83D6F6}
		{B7C4E9FC-7981-4D1D-8DDD-2BB25BECFD0F} = {935EEF30-9235-47AE-BD54-AE3F1C83D6F6}
	EndGlobalSection
EndGlobal
